{
  "name": "octoprint-playwright-tests",
  "version": "1.0.0",
  "lockfileVersion": 2,
  "requires": true,
  "packages": {
    "": {
      "name": "octoprint-playwright-tests",
      "version": "1.0.0",
      "license": "MIT",
      "devDependencies": {
        "@playwright/test": "^1.30.0"
      }
    },
    "node_modules/@playwright/test": {
      "version": "1.30.0",
      "resolved": "https://registry.npmjs.org/@playwright/test/-/test-1.30.0.tgz",
      "integrity": "sha512-SVxkQw1xvn/Wk/EvBnqWIq6NLo1AppwbYOjNLmyU0R1RoQ3rLEBtmjTnElcnz8VEtn11fptj1ECxK0tgURhajw==",
      "dev": true,
      "dependencies": {
        "@types/node": "*",
        "playwright-core": "1.30.0"
      },
      "bin": {
        "playwright": "cli.js"
      },
      "engines": {
        "node": ">=14"
      }
    },
    "node_modules/@types/node": {
      "version": "18.11.18",
      "resolved": "https://registry.npmjs.org/@types/node/-/node-18.11.18.tgz",
      "integrity": "sha512-DHQpWGjyQKSHj3ebjFI/wRKcqQcdR+MoFBygntYOZytCqNfkd2ZC4ARDJ2DQqhjH5p85Nnd3jhUJIXrszFX/JA==",
      "dev": true
    },
    "node_modules/playwright-core": {
      "version": "1.30.0",
      "resolved": "https://registry.npmjs.org/playwright-core/-/playwright-core-1.30.0.tgz",
      "integrity": "sha512-7AnRmTCf+GVYhHbLJsGUtskWTE33SwMZkybJ0v6rqR1boxq2x36U7p1vDRV7HO2IwTZgmycracLxPEJI49wu4g==",
      "dev": true,
      "bin": {
        "playwright": "cli.js"
      },
      "engines": {
        "node": ">=14"
      }
    }
  },
  "dependencies": {
    "@playwright/test": {
      "version": "1.30.0",
      "resolved": "https://registry.npmjs.org/@playwright/test/-/test-1.30.0.tgz",
      "integrity": "sha512-SVxkQw1xvn/Wk/EvBnqWIq6NLo1AppwbYOjNLmyU0R1RoQ3rLEBtmjTnElcnz8VEtn11fptj1ECxK0tgURhajw==",
      "dev": true,
      "requires": {
        "@types/node": "*",
        "playwright-core": "1.30.0"
      }
    },
    "@types/node": {
      "version": "18.11.18",
      "resolved": "https://registry.npmjs.org/@types/node/-/node-18.11.18.tgz",
      "integrity": "sha512-DHQpWGjyQKSHj3ebjFI/wRKcqQcdR+MoFBygntYOZytCqNfkd2ZC4ARDJ2DQqhjH5p85Nnd3jhUJIXrszFX/JA==",
      "dev": true
    },
    "playwright-core": {
      "version": "1.30.0",
      "resolved": "https://registry.npmjs.org/playwright-core/-/playwright-core-1.30.0.tgz",
      "integrity": "sha512-7AnRmTCf+GVYhHbLJsGUtskWTE33SwMZkybJ0v6rqR1boxq2x36U7p1vDRV7HO2IwTZgmycracLxPEJI49wu4g==",
      "dev": true
    }
  }
}
