name: "Lock outdated issues & PRs"

on:
  schedule:
    - cron: "0 0 * * *"

jobs:
  lock:
    runs-on: ubuntu-latest
    steps:
      - name: 🔒 Lock issues & PRs closed over a year
        uses: dessant/lock-threads@v2
        with:
          github-token: ${{ github.token }}
          issue-lock-comment: ""
          pr-lock-comment: ""
